// !$*UTF8*$!
{
	archiveVersion = 1;
	classes = {
	};
	objectVersion = 56;
	objects = {

/* Begin PBXBuildFile section */
		6B39D1C129CE233900F6980F /* SettingsView.swift in Sources */ = {isa = PBXBuildFile; fileRef = 6B39D1C029CE233900F6980F /* SettingsView.swift */; };
		6B39D1C329D08A6300F6980F /* SettingsLinkView.swift in Sources */ = {isa = PBXBuildFile; fileRef = 6B39D1C229D08A6300F6980F /* SettingsLinkView.swift */; };
		6BCFB10229CC0FA90047C6F4 /* Plank Watch App.app in Embed Watch Content */ = {isa = PBXBuildFile; fileRef = 6BCFB10129CC0FA90047C6F4 /* Plank Watch App.app */; settings = {ATTRIBUTES = (RemoveHeadersOnCopy, ); }; };
		6BCFB10729CC0FA90047C6F4 /* PlankApp.swift in Sources */ = {isa = PBXBuildFile; fileRef = 6BCFB10629CC0FA90047C6F4 /* PlankApp.swift */; };
		6BCFB10929CC0FA90047C6F4 /* NavigationRootView.swift in Sources */ = {isa = PBXBuildFile; fileRef = 6BCFB10829CC0FA90047C6F4 /* NavigationRootView.swift */; };
		6BCFB10B29CC0FAB0047C6F4 /* Assets.xcassets in Resources */ = {isa = PBXBuildFile; fileRef = 6BCFB10A29CC0FAB0047C6F4 /* Assets.xcassets */; };
		6BCFB10E29CC0FAB0047C6F4 /* Preview Assets.xcassets in Resources */ = {isa = PBXBuildFile; fileRef = 6BCFB10D29CC0FAB0047C6F4 /* Preview Assets.xcassets */; };
		6BCFB11829CC0FAB0047C6F4 /* Plank_Watch_AppTests.swift in Sources */ = {isa = PBXBuildFile; fileRef = 6BCFB11729CC0FAB0047C6F4 /* Plank_Watch_AppTests.swift */; };
		6BCFB12229CC0FAB0047C6F4 /* Plank_Watch_AppUITests.swift in Sources */ = {isa = PBXBuildFile; fileRef = 6BCFB12129CC0FAB0047C6F4 /* Plank_Watch_AppUITests.swift */; };
		6BCFB12429CC0FAB0047C6F4 /* Plank_Watch_AppUITestsLaunchTests.swift in Sources */ = {isa = PBXBuildFile; fileRef = 6BCFB12329CC0FAB0047C6F4 /* Plank_Watch_AppUITestsLaunchTests.swift */; };
		6BFF64AB29CDBD7B001ADCD2 /* TimerView.swift in Sources */ = {isa = PBXBuildFile; fileRef = 6BFF64AA29CDBD7B001ADCD2 /* TimerView.swift */; };
		6BFF64AD29CDBDC1001ADCD2 /* TimerViewModel.swift in Sources */ = {isa = PBXBuildFile; fileRef = 6BFF64AC29CDBDC1001ADCD2 /* TimerViewModel.swift */; };
/* End PBXBuildFile section */

/* Begin PBXContainerItemProxy section */
		6BCFB10329CC0FA90047C6F4 /* PBXContainerItemProxy */ = {
			isa = PBXContainerItemProxy;
			containerPortal = 6BCFB0F529CC0FA90047C6F4 /* Project object */;
			proxyType = 1;
			remoteGlobalIDString = 6BCFB10029CC0FA90047C6F4;
			remoteInfo = "Plank Watch App";
		};
		6BCFB11429CC0FAB0047C6F4 /* PBXContainerItemProxy */ = {
			isa = PBXContainerItemProxy;
			containerPortal = 6BCFB0F529CC0FA90047C6F4 /* Project object */;
			proxyType = 1;
			remoteGlobalIDString = 6BCFB10029CC0FA90047C6F4;
			remoteInfo = "Plank Watch App";
		};
		6BCFB11E29CC0FAB0047C6F4 /* PBXContainerItemProxy */ = {
			isa = PBXContainerItemProxy;
			containerPortal = 6BCFB0F529CC0FA90047C6F4 /* Project object */;
			proxyType = 1;
			remoteGlobalIDString = 6BCFB10029CC0FA90047C6F4;
			remoteInfo = "Plank Watch App";
		};
/* End PBXContainerItemProxy section */

/* Begin PBXCopyFilesBuildPhase section */
		6BCFB12A29CC0FAB0047C6F4 /* Embed Watch Content */ = {
			isa = PBXCopyFilesBuildPhase;
			buildActionMask = 2147483647;
			dstPath = "$(CONTENTS_FOLDER_PATH)/Watch";
			dstSubfolderSpec = 16;
			files = (
				6BCFB10229CC0FA90047C6F4 /* Plank Watch App.app in Embed Watch Content */,
			);
			name = "Embed Watch Content";
			runOnlyForDeploymentPostprocessing = 0;
		};
/* End PBXCopyFilesBuildPhase section */

/* Begin PBXFileReference section */
		6B39D1C029CE233900F6980F /* SettingsView.swift */ = {isa = PBXFileReference; lastKnownFileType = sourcecode.swift; path = SettingsView.swift; sourceTree = "<group>"; };
		6B39D1C229D08A6300F6980F /* SettingsLinkView.swift */ = {isa = PBXFileReference; lastKnownFileType = sourcecode.swift; path = SettingsLinkView.swift; sourceTree = "<group>"; };
		6BCFB0FB29CC0FA90047C6F4 /* Plank.app */ = {isa = PBXFileReference; explicitFileType = wrapper.application; includeInIndex = 0; path = Plank.app; sourceTree = BUILT_PRODUCTS_DIR; };
		6BCFB10129CC0FA90047C6F4 /* Plank Watch App.app */ = {isa = PBXFileReference; explicitFileType = wrapper.application; includeInIndex = 0; path = "Plank Watch App.app"; sourceTree = BUILT_PRODUCTS_DIR; };
		6BCFB10629CC0FA90047C6F4 /* PlankApp.swift */ = {isa = PBXFileReference; lastKnownFileType = sourcecode.swift; path = PlankApp.swift; sourceTree = "<group>"; };
		6BCFB10829CC0FA90047C6F4 /* NavigationRootView.swift */ = {isa = PBXFileReference; lastKnownFileType = sourcecode.swift; path = NavigationRootView.swift; sourceTree = "<group>"; };
		6BCFB10A29CC0FAB0047C6F4 /* Assets.xcassets */ = {isa = PBXFileReference; lastKnownFileType = folder.assetcatalog; path = Assets.xcassets; sourceTree = "<group>"; };
		6BCFB10D29CC0FAB0047C6F4 /* Preview Assets.xcassets */ = {isa = PBXFileReference; lastKnownFileType = folder.assetcatalog; path = "Preview Assets.xcassets"; sourceTree = "<group>"; };
		6BCFB11329CC0FAB0047C6F4 /* Plank Watch AppTests.xctest */ = {isa = PBXFileReference; explicitFileType = wrapper.cfbundle; includeInIndex = 0; path = "Plank Watch AppTests.xctest"; sourceTree = BUILT_PRODUCTS_DIR; };
		6BCFB11729CC0FAB0047C6F4 /* Plank_Watch_AppTests.swift */ = {isa = PBXFileReference; lastKnownFileType = sourcecode.swift; path = Plank_Watch_AppTests.swift; sourceTree = "<group>"; };
		6BCFB11D29CC0FAB0047C6F4 /* Plank Watch AppUITests.xctest */ = {isa = PBXFileReference; explicitFileType = wrapper.cfbundle; includeInIndex = 0; path = "Plank Watch AppUITests.xctest"; sourceTree = BUILT_PRODUCTS_DIR; };
		6BCFB12129CC0FAB0047C6F4 /* Plank_Watch_AppUITests.swift */ = {isa = PBXFileReference; lastKnownFileType = sourcecode.swift; path = Plank_Watch_AppUITests.swift; sourceTree = "<group>"; };
		6BCFB12329CC0FAB0047C6F4 /* Plank_Watch_AppUITestsLaunchTests.swift */ = {isa = PBXFileReference; lastKnownFileType = sourcecode.swift; path = Plank_Watch_AppUITestsLaunchTests.swift; sourceTree = "<group>"; };
		6BFF64AA29CDBD7B001ADCD2 /* TimerView.swift */ = {isa = PBXFileReference; lastKnownFileType = sourcecode.swift; path = TimerView.swift; sourceTree = "<group>"; };
		6BFF64AC29CDBDC1001ADCD2 /* TimerViewModel.swift */ = {isa = PBXFileReference; lastKnownFileType = sourcecode.swift; path = TimerViewModel.swift; sourceTree = "<group>"; };
/* End PBXFileReference section */

/* Begin PBXFrameworksBuildPhase section */
		6BCFB0FE29CC0FA90047C6F4 /* Frameworks */ = {
			isa = PBXFrameworksBuildPhase;
			buildActionMask = 2147483647;
			files = (
			);
			runOnlyForDeploymentPostprocessing = 0;
		};
		6BCFB11029CC0FAB0047C6F4 /* Frameworks */ = {
			isa = PBXFrameworksBuildPhase;
			buildActionMask = 2147483647;
			files = (
			);
			runOnlyForDeploymentPostprocessing = 0;
		};
		6BCFB11A29CC0FAB0047C6F4 /* Frameworks */ = {
			isa = PBXFrameworksBuildPhase;
			buildActionMask = 2147483647;
			files = (
			);
			runOnlyForDeploymentPostprocessing = 0;
		};
/* End PBXFrameworksBuildPhase section */

/* Begin PBXGroup section */
		6B39D1BF29CE232600F6980F /* Settings */ = {
			isa = PBXGroup;
			children = (
				6B39D1C029CE233900F6980F /* SettingsView.swift */,
			);
			path = Settings;
			sourceTree = "<group>";
		};
		6BCFB0F429CC0FA90047C6F4 = {
			isa = PBXGroup;
			children = (
				6BCFB10529CC0FA90047C6F4 /* Plank Watch App */,
				6BCFB11629CC0FAB0047C6F4 /* Plank Watch AppTests */,
				6BCFB12029CC0FAB0047C6F4 /* Plank Watch AppUITests */,
				6BCFB0FC29CC0FA90047C6F4 /* Products */,
			);
			sourceTree = "<group>";
		};
		6BCFB0FC29CC0FA90047C6F4 /* Products */ = {
			isa = PBXGroup;
			children = (
				6BCFB0FB29CC0FA90047C6F4 /* Plank.app */,
				6BCFB10129CC0FA90047C6F4 /* Plank Watch App.app */,
				6BCFB11329CC0FAB0047C6F4 /* Plank Watch AppTests.xctest */,
				6BCFB11D29CC0FAB0047C6F4 /* Plank Watch AppUITests.xctest */,
			);
			name = Products;
			sourceTree = "<group>";
		};
		6BCFB10529CC0FA90047C6F4 /* Plank Watch App */ = {
			isa = PBXGroup;
			children = (
				6BFF64B529CDCF27001ADCD2 /* Application */,
				6BFF64B629CDCF32001ADCD2 /* Resources */,
				6BFF64A929CDBD68001ADCD2 /* Timer */,
				6B39D1BF29CE232600F6980F /* Settings */,
				6BCFB10C29CC0FAB0047C6F4 /* Preview Content */,
			);
			path = "Plank Watch App";
			sourceTree = "<group>";
		};
		6BCFB10C29CC0FAB0047C6F4 /* Preview Content */ = {
			isa = PBXGroup;
			children = (
				6BCFB10D29CC0FAB0047C6F4 /* Preview Assets.xcassets */,
			);
			path = "Preview Content";
			sourceTree = "<group>";
		};
		6BCFB11629CC0FAB0047C6F4 /* Plank Watch AppTests */ = {
			isa = PBXGroup;
			children = (
				6BCFB11729CC0FAB0047C6F4 /* Plank_Watch_AppTests.swift */,
			);
			path = "Plank Watch AppTests";
			sourceTree = "<group>";
		};
		6BCFB12029CC0FAB0047C6F4 /* Plank Watch AppUITests */ = {
			isa = PBXGroup;
			children = (
				6BCFB12129CC0FAB0047C6F4 /* Plank_Watch_AppUITests.swift */,
				6BCFB12329CC0FAB0047C6F4 /* Plank_Watch_AppUITestsLaunchTests.swift */,
			);
			path = "Plank Watch AppUITests";
			sourceTree = "<group>";
		};
		6BFF64A929CDBD68001ADCD2 /* Timer */ = {
			isa = PBXGroup;
			children = (
				6BFF64AF29CDBDC9001ADCD2 /* ViewModels */,
				6BFF64AE29CDBDC4001ADCD2 /* Views */,
			);
			path = Timer;
			sourceTree = "<group>";
		};
		6BFF64AE29CDBDC4001ADCD2 /* Views */ = {
			isa = PBXGroup;
			children = (
				6BFF64AA29CDBD7B001ADCD2 /* TimerView.swift */,
				6B39D1C229D08A6300F6980F /* SettingsLinkView.swift */,
			);
			path = Views;
			sourceTree = "<group>";
		};
		6BFF64AF29CDBDC9001ADCD2 /* ViewModels */ = {
			isa = PBXGroup;
			children = (
				6BFF64AC29CDBDC1001ADCD2 /* TimerViewModel.swift */,
			);
			path = ViewModels;
			sourceTree = "<group>";
		};
		6BFF64B529CDCF27001ADCD2 /* Application */ = {
			isa = PBXGroup;
			children = (
				6BCFB10629CC0FA90047C6F4 /* PlankApp.swift */,
				6BCFB10829CC0FA90047C6F4 /* NavigationRootView.swift */,
			);
			path = Application;
			sourceTree = "<group>";
		};
		6BFF64B629CDCF32001ADCD2 /* Resources */ = {
			isa = PBXGroup;
			children = (
				6BCFB10A29CC0FAB0047C6F4 /* Assets.xcassets */,
			);
			path = Resources;
			sourceTree = "<group>";
		};
/* End PBXGroup section */

/* Begin PBXNativeTarget section */
		6BCFB0FA29CC0FA90047C6F4 /* Plank */ = {
			isa = PBXNativeTarget;
			buildConfigurationList = 6BCFB12B29CC0FAB0047C6F4 /* Build configuration list for PBXNativeTarget "Plank" */;
			buildPhases = (
				6BCFB0F929CC0FA90047C6F4 /* Resources */,
				6BCFB12A29CC0FAB0047C6F4 /* Embed Watch Content */,
			);
			buildRules = (
			);
			dependencies = (
				6BCFB10429CC0FA90047C6F4 /* PBXTargetDependency */,
			);
			name = Plank;
			productName = Plank;
			productReference = 6BCFB0FB29CC0FA90047C6F4 /* Plank.app */;
			productType = "com.apple.product-type.application.watchapp2-container";
		};
		6BCFB10029CC0FA90047C6F4 /* Plank Watch App */ = {
			isa = PBXNativeTarget;
			buildConfigurationList = 6BCFB12729CC0FAB0047C6F4 /* Build configuration list for PBXNativeTarget "Plank Watch App" */;
			buildPhases = (
				6BCFB0FD29CC0FA90047C6F4 /* Sources */,
				6BCFB0FE29CC0FA90047C6F4 /* Frameworks */,
				6BCFB0FF29CC0FA90047C6F4 /* Resources */,
			);
			buildRules = (
			);
			dependencies = (
			);
			name = "Plank Watch App";
			productName = "Plank Watch App";
			productReference = 6BCFB10129CC0FA90047C6F4 /* Plank Watch App.app */;
			productType = "com.apple.product-type.application";
		};
		6BCFB11229CC0FAB0047C6F4 /* Plank Watch AppTests */ = {
			isa = PBXNativeTarget;
			buildConfigurationList = 6BCFB12E29CC0FAB0047C6F4 /* Build configuration list for PBXNativeTarget "Plank Watch AppTests" */;
			buildPhases = (
				6BCFB10F29CC0FAB0047C6F4 /* Sources */,
				6BCFB11029CC0FAB0047C6F4 /* Frameworks */,
				6BCFB11129CC0FAB0047C6F4 /* Resources */,
			);
			buildRules = (
			);
			dependencies = (
				6BCFB11529CC0FAB0047C6F4 /* PBXTargetDependency */,
			);
			name = "Plank Watch AppTests";
			productName = "Plank Watch AppTests";
			productReference = 6BCFB11329CC0FAB0047C6F4 /* Plank Watch AppTests.xctest */;
			productType = "com.apple.product-type.bundle.unit-test";
		};
		6BCFB11C29CC0FAB0047C6F4 /* Plank Watch AppUITests */ = {
			isa = PBXNativeTarget;
			buildConfigurationList = 6BCFB13129CC0FAB0047C6F4 /* Build configuration list for PBXNativeTarget "Plank Watch AppUITests" */;
			buildPhases = (
				6BCFB11929CC0FAB0047C6F4 /* Sources */,
				6BCFB11A29CC0FAB0047C6F4 /* Frameworks */,
				6BCFB11B29CC0FAB0047C6F4 /* Resources */,
			);
			buildRules = (
			);
			dependencies = (
				6BCFB11F29CC0FAB0047C6F4 /* PBXTargetDependency */,
			);
			name = "Plank Watch AppUITests";
			productName = "Plank Watch AppUITests";
			productReference = 6BCFB11D29CC0FAB0047C6F4 /* Plank Watch AppUITests.xctest */;
			productType = "com.apple.product-type.bundle.ui-testing";
		};
/* End PBXNativeTarget section */

/* Begin PBXProject section */
		6BCFB0F529CC0FA90047C6F4 /* Project object */ = {
			isa = PBXProject;
			attributes = {
				BuildIndependentTargetsInParallel = 1;
				LastSwiftUpdateCheck = 1420;
				LastUpgradeCheck = 1420;
				TargetAttributes = {
					6BCFB0FA29CC0FA90047C6F4 = {
						CreatedOnToolsVersion = 14.2;
					};
					6BCFB10029CC0FA90047C6F4 = {
						CreatedOnToolsVersion = 14.2;
					};
					6BCFB11229CC0FAB0047C6F4 = {
						CreatedOnToolsVersion = 14.2;
						TestTargetID = 6BCFB10029CC0FA90047C6F4;
					};
					6BCFB11C29CC0FAB0047C6F4 = {
						CreatedOnToolsVersion = 14.2;
						TestTargetID = 6BCFB10029CC0FA90047C6F4;
					};
				};
			};
			buildConfigurationList = 6BCFB0F829CC0FA90047C6F4 /* Build configuration list for PBXProject "Plank" */;
			compatibilityVersion = "Xcode 14.0";
			developmentRegion = en;
			hasScannedForEncodings = 0;
			knownRegions = (
				en,
				Base,
			);
			mainGroup = 6BCFB0F429CC0FA90047C6F4;
			productRefGroup = 6BCFB0FC29CC0FA90047C6F4 /* Products */;
			projectDirPath = "";
			projectRoot = "";
			targets = (
				6BCFB0FA29CC0FA90047C6F4 /* Plank */,
				6BCFB10029CC0FA90047C6F4 /* Plank Watch App */,
				6BCFB11229CC0FAB0047C6F4 /* Plank Watch AppTests */,
				6BCFB11C29CC0FAB0047C6F4 /* Plank Watch AppUITests */,
			);
		};
/* End PBXProject section */

/* Begin PBXResourcesBuildPhase section */
		6BCFB0F929CC0FA90047C6F4 /* Resources */ = {
			isa = PBXResourcesBuildPhase;
			buildActionMask = 2147483647;
			files = (
			);
			runOnlyForDeploymentPostprocessing = 0;
		};
		6BCFB0FF29CC0FA90047C6F4 /* Resources */ = {
			isa = PBXResourcesBuildPhase;
			buildActionMask = 2147483647;
			files = (
				6BCFB10E29CC0FAB0047C6F4 /* Preview Assets.xcassets in Resources */,
				6BCFB10B29CC0FAB0047C6F4 /* Assets.xcassets in Resources */,
			);
			runOnlyForDeploymentPostprocessing = 0;
		};
		6BCFB11129CC0FAB0047C6F4 /* Resources */ = {
			isa = PBXResourcesBuildPhase;
			buildActionMask = 2147483647;
			files = (
			);
			runOnlyForDeploymentPostprocessing = 0;
		};
		6BCFB11B29CC0FAB0047C6F4 /* Resources */ = {
			isa = PBXResourcesBuildPhase;
			buildActionMask = 2147483647;
			files = (
			);
			runOnlyForDeploymentPostprocessing = 0;
		};
/* End PBXResourcesBuildPhase section */

/* Begin PBXSourcesBuildPhase section */
		6BCFB0FD29CC0FA90047C6F4 /* Sources */ = {
			isa = PBXSourcesBuildPhase;
			buildActionMask = 2147483647;
			files = (
				6B39D1C129CE233900F6980F /* SettingsView.swift in Sources */,
				6B39D1C329D08A6300F6980F /* SettingsLinkView.swift in Sources */,
				6BFF64AD29CDBDC1001ADCD2 /* TimerViewModel.swift in Sources */,
				6BFF64AB29CDBD7B001ADCD2 /* TimerView.swift in Sources */,
				6BCFB10929CC0FA90047C6F4 /* NavigationRootView.swift in Sources */,
				6BCFB10729CC0FA90047C6F4 /* PlankApp.swift in Sources */,
			);
			runOnlyForDeploymentPostprocessing = 0;
		};
		6BCFB10F29CC0FAB0047C6F4 /* Sources */ = {
			isa = PBXSourcesBuildPhase;
			buildActionMask = 2147483647;
			files = (
				6BCFB11829CC0FAB0047C6F4 /* Plank_Watch_AppTests.swift in Sources */,
			);
			runOnlyForDeploymentPostprocessing = 0;
		};
		6BCFB11929CC0FAB0047C6F4 /* Sources */ = {
			isa = PBXSourcesBuildPhase;
			buildActionMask = 2147483647;
			files = (
				6BCFB12229CC0FAB0047C6F4 /* Plank_Watch_AppUITests.swift in Sources */,
				6BCFB12429CC0FAB0047C6F4 /* Plank_Watch_AppUITestsLaunchTests.swift in Sources */,
			);
			runOnlyForDeploymentPostprocessing = 0;
		};
/* End PBXSourcesBuildPhase section */

/* Begin PBXTargetDependency section */
		6BCFB10429CC0FA90047C6F4 /* PBXTargetDependency */ = {
			isa = PBXTargetDependency;
			target = 6BCFB10029CC0FA90047C6F4 /* Plank Watch App */;
			targetProxy = 6BCFB10329CC0FA90047C6F4 /* PBXContainerItemProxy */;
		};
		6BCFB11529CC0FAB0047C6F4 /* PBXTargetDependency */ = {
			isa = PBXTargetDependency;
			target = 6BCFB10029CC0FA90047C6F4 /* Plank Watch App */;
			targetProxy = 6BCFB11429CC0FAB0047C6F4 /* PBXContainerItemProxy */;
		};
		6BCFB11F29CC0FAB0047C6F4 /* PBXTargetDependency */ = {
			isa = PBXTargetDependency;
			target = 6BCFB10029CC0FA90047C6F4 /* Plank Watch App */;
			targetProxy = 6BCFB11E29CC0FAB0047C6F4 /* PBXContainerItemProxy */;
		};
/* End PBXTargetDependency section */

/* Begin XCBuildConfiguration section */
		6BCFB12529CC0FAB0047C6F4 /* Debug */ = {
			isa = XCBuildConfiguration;
			buildSettings = {
				ALWAYS_SEARCH_USER_PATHS = NO;
				CLANG_ANALYZER_NONNULL = YES;
				CLANG_ANALYZER_NUMBER_OBJECT_CONVERSION = YES_AGGRESSIVE;
				CLANG_CXX_LANGUAGE_STANDARD = "gnu++20";
				CLANG_ENABLE_MODULES = YES;
				CLANG_ENABLE_OBJC_ARC = YES;
				CLANG_ENABLE_OBJC_WEAK = YES;
				CLANG_WARN_BLOCK_CAPTURE_AUTORELEASING = YES;
				CLANG_WARN_BOOL_CONVERSION = YES;
				CLANG_WARN_COMMA = YES;
				CLANG_WARN_CONSTANT_CONVERSION = YES;
				CLANG_WARN_DEPRECATED_OBJC_IMPLEMENTATIONS = YES;
				CLANG_WARN_DIRECT_OBJC_ISA_USAGE = YES_ERROR;
				CLANG_WARN_DOCUMENTATION_COMMENTS = YES;
				CLANG_WARN_EMPTY_BODY = YES;
				CLANG_WARN_ENUM_CONVERSION = YES;
				CLANG_WARN_INFINITE_RECURSION = YES;
				CLANG_WARN_INT_CONVERSION = YES;
				CLANG_WARN_NON_LITERAL_NULL_CONVERSION = YES;
				CLANG_WARN_OBJC_IMPLICIT_RETAIN_SELF = YES;
				CLANG_WARN_OBJC_LITERAL_CONVERSION = YES;
				CLANG_WARN_OBJC_ROOT_CLASS = YES_ERROR;
				CLANG_WARN_QUOTED_INCLUDE_IN_FRAMEWORK_HEADER = YES;
				CLANG_WARN_RANGE_LOOP_ANALYSIS = YES;
				CLANG_WARN_STRICT_PROTOTYPES = YES;
				CLANG_WARN_SUSPICIOUS_MOVE = YES;
				CLANG_WARN_UNGUARDED_AVAILABILITY = YES_AGGRESSIVE;
				CLANG_WARN_UNREACHABLE_CODE = YES;
				CLANG_WARN__DUPLICATE_METHOD_MATCH = YES;
				COPY_PHASE_STRIP = NO;
				DEBUG_INFORMATION_FORMAT = dwarf;
				ENABLE_STRICT_OBJC_MSGSEND = YES;
				ENABLE_TESTABILITY = YES;
				GCC_C_LANGUAGE_STANDARD = gnu11;
				GCC_DYNAMIC_NO_PIC = NO;
				GCC_NO_COMMON_BLOCKS = YES;
				GCC_OPTIMIZATION_LEVEL = 0;
				GCC_PREPROCESSOR_DEFINITIONS = (
					"DEBUG=1",
					"$(inherited)",
				);
				GCC_WARN_64_TO_32_BIT_CONVERSION = YES;
				GCC_WARN_ABOUT_RETURN_TYPE = YES_ERROR;
				GCC_WARN_UNDECLARED_SELECTOR = YES;
				GCC_WARN_UNINITIALIZED_AUTOS = YES_AGGRESSIVE;
				GCC_WARN_UNUSED_FUNCTION = YES;
				GCC_WARN_UNUSED_VARIABLE = YES;
				MTL_ENABLE_DEBUG_INFO = INCLUDE_SOURCE;
				MTL_FAST_MATH = YES;
				ONLY_ACTIVE_ARCH = YES;
				SWIFT_ACTIVE_COMPILATION_CONDITIONS = DEBUG;
				SWIFT_OPTIMIZATION_LEVEL = "-Onone";
			};
			name = Debug;
		};
		6BCFB12629CC0FAB0047C6F4 /* Release */ = {
			isa = XCBuildConfiguration;
			buildSettings = {
				ALWAYS_SEARCH_USER_PATHS = NO;
				CLANG_ANALYZER_NONNULL = YES;
				CLANG_ANALYZER_NUMBER_OBJECT_CONVERSION = YES_AGGRESSIVE;
				CLANG_CXX_LANGUAGE_STANDARD = "gnu++20";
				CLANG_ENABLE_MODULES = YES;
				CLANG_ENABLE_OBJC_ARC = YES;
				CLANG_ENABLE_OBJC_WEAK = YES;
				CLANG_WARN_BLOCK_CAPTURE_AUTORELEASING = YES;
				CLANG_WARN_BOOL_CONVERSION = YES;
				CLANG_WARN_COMMA = YES;
				CLANG_WARN_CONSTANT_CONVERSION = YES;
				CLANG_WARN_DEPRECATED_OBJC_IMPLEMENTATIONS = YES;
				CLANG_WARN_DIRECT_OBJC_ISA_USAGE = YES_ERROR;
				CLANG_WARN_DOCUMENTATION_COMMENTS = YES;
				CLANG_WARN_EMPTY_BODY = YES;
				CLANG_WARN_ENUM_CONVERSION = YES;
				CLANG_WARN_INFINITE_RECURSION = YES;
				CLANG_WARN_INT_CONVERSION = YES;
				CLANG_WARN_NON_LITERAL_NULL_CONVERSION = YES;
				CLANG_WARN_OBJC_IMPLICIT_RETAIN_SELF = YES;
				CLANG_WARN_OBJC_LITERAL_CONVERSION = YES;
				CLANG_WARN_OBJC_ROOT_CLASS = YES_ERROR;
				CLANG_WARN_QUOTED_INCLUDE_IN_FRAMEWORK_HEADER = YES;
				CLANG_WARN_RANGE_LOOP_ANALYSIS = YES;
				CLANG_WARN_STRICT_PROTOTYPES = YES;
				CLANG_WARN_SUSPICIOUS_MOVE = YES;
				CLANG_WARN_UNGUARDED_AVAILABILITY = YES_AGGRESSIVE;
				CLANG_WARN_UNREACHABLE_CODE = YES;
				CLANG_WARN__DUPLICATE_METHOD_MATCH = YES;
				COPY_PHASE_STRIP = NO;
				DEBUG_INFORMATION_FORMAT = "dwarf-with-dsym";
				ENABLE_NS_ASSERTIONS = NO;
				ENABLE_STRICT_OBJC_MSGSEND = YES;
				GCC_C_LANGUAGE_STANDARD = gnu11;
				GCC_NO_COMMON_BLOCKS = YES;
				GCC_WARN_64_TO_32_BIT_CONVERSION = YES;
				GCC_WARN_ABOUT_RETURN_TYPE = YES_ERROR;
				GCC_WARN_UNDECLARED_SELECTOR = YES;
				GCC_WARN_UNINITIALIZED_AUTOS = YES_AGGRESSIVE;
				GCC_WARN_UNUSED_FUNCTION = YES;
				GCC_WARN_UNUSED_VARIABLE = YES;
				MTL_ENABLE_DEBUG_INFO = NO;
				MTL_FAST_MATH = YES;
				SWIFT_COMPILATION_MODE = wholemodule;
				SWIFT_OPTIMIZATION_LEVEL = "-O";
			};
			name = Release;
		};
		6BCFB12829CC0FAB0047C6F4 /* Debug */ = {
			isa = XCBuildConfiguration;
			buildSettings = {
				ASSETCATALOG_COMPILER_APPICON_NAME = AppIcon;
				ASSETCATALOG_COMPILER_GLOBAL_ACCENT_COLOR_NAME = AccentColor;
				CODE_SIGN_STYLE = Automatic;
				CURRENT_PROJECT_VERSION = 1;
				DEVELOPMENT_ASSET_PATHS = "\"Plank Watch App/Preview Content\"";
				DEVELOPMENT_TEAM = 65KV6R2AGS;
				ENABLE_PREVIEWS = YES;
				GENERATE_INFOPLIST_FILE = YES;
				INFOPLIST_KEY_CFBundleDisplayName = Plank;
				INFOPLIST_KEY_UISupportedInterfaceOrientations = "UIInterfaceOrientationPortrait UIInterfaceOrientationPortraitUpsideDown";
				INFOPLIST_KEY_WKWatchOnly = YES;
				LD_RUNPATH_SEARCH_PATHS = (
					"$(inherited)",
					"@executable_path/Frameworks",
				);
				MARKETING_VERSION = 1.0;
				PRODUCT_BUNDLE_IDENTIFIER = Yeolmok.Plank.watchkitapp;
				PRODUCT_NAME = "$(TARGET_NAME)";
				SDKROOT = watchos;
				SKIP_INSTALL = YES;
				SWIFT_EMIT_LOC_STRINGS = YES;
				SWIFT_VERSION = 5.0;
				TARGETED_DEVICE_FAMILY = 4;
				WATCHOS_DEPLOYMENT_TARGET = 9.1;
			};
			name = Debug;
		};
		6BCFB12929CC0FAB0047C6F4 /* Release */ = {
			isa = XCBuildConfiguration;
			buildSettings = {
				ASSETCATALOG_COMPILER_APPICON_NAME = AppIcon;
				ASSETCATALOG_COMPILER_GLOBAL_ACCENT_COLOR_NAME = AccentColor;
				CODE_SIGN_STYLE = Automatic;
				CURRENT_PROJECT_VERSION = 1;
				DEVELOPMENT_ASSET_PATHS = "\"Plank Watch App/Preview Content\"";
				DEVELOPMENT_TEAM = 65KV6R2AGS;
				ENABLE_PREVIEWS = YES;
				GENERATE_INFOPLIST_FILE = YES;
				INFOPLIST_KEY_CFBundleDisplayName = Plank;
				INFOPLIST_KEY_UISupportedInterfaceOrientations = "UIInterfaceOrientationPortrait UIInterfaceOrientationPortraitUpsideDown";
				INFOPLIST_KEY_WKWatchOnly = YES;
				LD_RUNPATH_SEARCH_PATHS = (
					"$(inherited)",
					"@executable_path/Frameworks",
				);
				MARKETING_VERSION = 1.0;
				PRODUCT_BUNDLE_IDENTIFIER = Yeolmok.Plank.watchkitapp;
				PRODUCT_NAME = "$(TARGET_NAME)";
				SDKROOT = watchos;
				SKIP_INSTALL = YES;
				SWIFT_EMIT_LOC_STRINGS = YES;
				SWIFT_VERSION = 5.0;
				TARGETED_DEVICE_FAMILY = 4;
				VALIDATE_PRODUCT = YES;
				WATCHOS_DEPLOYMENT_TARGET = 9.1;
			};
			name = Release;
		};
		6BCFB12C29CC0FAB0047C6F4 /* Debug */ = {
			isa = XCBuildConfiguration;
			buildSettings = {
				ALWAYS_EMBED_SWIFT_STANDARD_LIBRARIES = YES;
				CODE_SIGN_STYLE = Automatic;
				CURRENT_PROJECT_VERSION = 1;
				DEVELOPMENT_TEAM = 65KV6R2AGS;
				INFOPLIST_KEY_CFBundleDisplayName = Plank;
				MARKETING_VERSION = 1.0;
				PRODUCT_BUNDLE_IDENTIFIER = Yeolmok.Plank;
				PRODUCT_NAME = "$(TARGET_NAME)";
				SDKROOT = iphoneos;
				SWIFT_VERSION = 5.0;
			};
			name = Debug;
		};
		6BCFB12D29CC0FAB0047C6F4 /* Release */ = {
			isa = XCBuildConfiguration;
			buildSettings = {
				ALWAYS_EMBED_SWIFT_STANDARD_LIBRARIES = YES;
				CODE_SIGN_STYLE = Automatic;
				CURRENT_PROJECT_VERSION = 1;
				DEVELOPMENT_TEAM = 65KV6R2AGS;
				INFOPLIST_KEY_CFBundleDisplayName = Plank;
				MARKETING_VERSION = 1.0;
				PRODUCT_BUNDLE_IDENTIFIER = Yeolmok.Plank;
				PRODUCT_NAME = "$(TARGET_NAME)";
				SDKROOT = iphoneos;
				SWIFT_VERSION = 5.0;
				VALIDATE_PRODUCT = YES;
			};
			name = Release;
		};
		6BCFB12F29CC0FAB0047C6F4 /* Debug */ = {
			isa = XCBuildConfiguration;
			buildSettings = {
				ALWAYS_EMBED_SWIFT_STANDARD_LIBRARIES = YES;
				BUNDLE_LOADER = "$(TEST_HOST)";
				CODE_SIGN_STYLE = Automatic;
				CURRENT_PROJECT_VERSION = 1;
				DEVELOPMENT_TEAM = 65KV6R2AGS;
				GENERATE_INFOPLIST_FILE = YES;
				MARKETING_VERSION = 1.0;
				PRODUCT_BUNDLE_IDENTIFIER = "Yeolmok.Plank-Watch-AppTests";
				PRODUCT_NAME = "$(TARGET_NAME)";
				SDKROOT = watchos;
				SWIFT_EMIT_LOC_STRINGS = NO;
				SWIFT_VERSION = 5.0;
				TARGETED_DEVICE_FAMILY = 4;
				TEST_HOST = "$(BUILT_PRODUCTS_DIR)/Plank Watch App.app/$(BUNDLE_EXECUTABLE_FOLDER_PATH)/Plank Watch App";
				WATCHOS_DEPLOYMENT_TARGET = 9.1;
			};
			name = Debug;
		};
		6BCFB13029CC0FAB0047C6F4 /* Release */ = {
			isa = XCBuildConfiguration;
			buildSettings = {
				ALWAYS_EMBED_SWIFT_STANDARD_LIBRARIES = YES;
				BUNDLE_LOADER = "$(TEST_HOST)";
				CODE_SIGN_STYLE = Automatic;
				CURRENT_PROJECT_VERSION = 1;
				DEVELOPMENT_TEAM = 65KV6R2AGS;
				GENERATE_INFOPLIST_FILE = YES;
				MARKETING_VERSION = 1.0;
				PRODUCT_BUNDLE_IDENTIFIER = "Yeolmok.Plank-Watch-AppTests";
				PRODUCT_NAME = "$(TARGET_NAME)";
				SDKROOT = watchos;
				SWIFT_EMIT_LOC_STRINGS = NO;
				SWIFT_VERSION = 5.0;
				TARGETED_DEVICE_FAMILY = 4;
				TEST_HOST = "$(BUILT_PRODUCTS_DIR)/Plank Watch App.app/$(BUNDLE_EXECUTABLE_FOLDER_PATH)/Plank Watch App";
				VALIDATE_PRODUCT = YES;
				WATCHOS_DEPLOYMENT_TARGET = 9.1;
			};
			name = Release;
		};
		6BCFB13229CC0FAB0047C6F4 /* Debug */ = {
			isa = XCBuildConfiguration;
			buildSettings = {
				ALWAYS_EMBED_SWIFT_STANDARD_LIBRARIES = YES;
				CODE_SIGN_STYLE = Automatic;
				CURRENT_PROJECT_VERSION = 1;
				DEVELOPMENT_TEAM = 65KV6R2AGS;
				GENERATE_INFOPLIST_FILE = YES;
				MARKETING_VERSION = 1.0;
				PRODUCT_BUNDLE_IDENTIFIER = "Yeolmok.Plank-Watch-AppUITests";
				PRODUCT_NAME = "$(TARGET_NAME)";
				SDKROOT = watchos;
				SWIFT_EMIT_LOC_STRINGS = NO;
				SWIFT_VERSION = 5.0;
				TARGETED_DEVICE_FAMILY = 4;
				TEST_TARGET_NAME = "Plank Watch App";
				WATCHOS_DEPLOYMENT_TARGET = 9.1;
			};
			name = Debug;
		};
		6BCFB13329CC0FAB0047C6F4 /* Release */ = {
			isa = XCBuildConfiguration;
			buildSettings = {
				ALWAYS_EMBED_SWIFT_STANDARD_LIBRARIES = YES;
				CODE_SIGN_STYLE = Automatic;
				CURRENT_PROJECT_VERSION = 1;
				DEVELOPMENT_TEAM = 65KV6R2AGS;
				GENERATE_INFOPLIST_FILE = YES;
				MARKETING_VERSION = 1.0;
				PRODUCT_BUNDLE_IDENTIFIER = "Yeolmok.Plank-Watch-AppUITests";
				PRODUCT_NAME = "$(TARGET_NAME)";
				SDKROOT = watchos;
				SWIFT_EMIT_LOC_STRINGS = NO;
				SWIFT_VERSION = 5.0;
				TARGETED_DEVICE_FAMILY = 4;
				TEST_TARGET_NAME = "Plank Watch App";
				VALIDATE_PRODUCT = YES;
				WATCHOS_DEPLOYMENT_TARGET = 9.1;
			};
			name = Release;
		};
/* End XCBuildConfiguration section */

/* Begin XCConfigurationList section */
		6BCFB0F829CC0FA90047C6F4 /* Build configuration list for PBXProject "Plank" */ = {
			isa = XCConfigurationList;
			buildConfigurations = (
				6BCFB12529CC0FAB0047C6F4 /* Debug */,
				6BCFB12629CC0FAB0047C6F4 /* Release */,
			);
			defaultConfigurationIsVisible = 0;
			defaultConfigurationName = Release;
		};
		6BCFB12729CC0FAB0047C6F4 /* Build configuration list for PBXNativeTarget "Plank Watch App" */ = {
			isa = XCConfigurationList;
			buildConfigurations = (
				6BCFB12829CC0FAB0047C6F4 /* Debug */,
				6BCFB12929CC0FAB0047C6F4 /* Release */,
			);
			defaultConfigurationIsVisible = 0;
			defaultConfigurationName = Release;
		};
		6BCFB12B29CC0FAB0047C6F4 /* Build configuration list for PBXNativeTarget "Plank" */ = {
			isa = XCConfigurationList;
			buildConfigurations = (
				6BCFB12C29CC0FAB0047C6F4 /* Debug */,
				6BCFB12D29CC0FAB0047C6F4 /* Release */,
			);
			defaultConfigurationIsVisible = 0;
			defaultConfigurationName = Release;
		};
		6BCFB12E29CC0FAB0047C6F4 /* Build configuration list for PBXNativeTarget "Plank Watch AppTests" */ = {
			isa = XCConfigurationList;
			buildConfigurations = (
				6BCFB12F29CC0FAB0047C6F4 /* Debug */,
				6BCFB13029CC0FAB0047C6F4 /* Release */,
			);
			defaultConfigurationIsVisible = 0;
			defaultConfigurationName = Release;
		};
		6BCFB13129CC0FAB0047C6F4 /* Build configuration list for PBXNativeTarget "Plank Watch AppUITests" */ = {
			isa = XCConfigurationList;
			buildConfigurations = (
				6BCFB13229CC0FAB0047C6F4 /* Debug */,
				6BCFB13329CC0FAB0047C6F4 /* Release */,
			);
			defaultConfigurationIsVisible = 0;
			defaultConfigurationName = Release;
		};
/* End XCConfigurationList section */
	};
	rootObject = 6BCFB0F529CC0FA90047C6F4 /* Project object */;
}
